{
	"name": "@rbxts/roact-router",
	"version": "1.0.3",
	"lockfileVersion": 2,
	"requires": true,
	"packages": {
		"": {
			"name": "@rbxts/roact-router",
			"version": "1.0.3",
			"license": "MIT",
			"dependencies": {
				"@rbxts/roact": "^1.4.2-ts.2"
			},
			"devDependencies": {
				"@rbxts/compiler-types": "^1.3.3-types.1",
				"@rbxts/types": "^1.0.608"
			}
		},
		"node_modules/@rbxts/compiler-types": {
			"version": "1.3.3-types.1",
			"resolved": "https://registry.npmjs.org/@rbxts/compiler-types/-/compiler-types-1.3.3-types.1.tgz",
			"integrity": "sha512-iWeioe5WziBTnY+FIT7aQ5bimlw81PYZ5d9WO0h1kX3joEigXPQpn2yHGRxzrqIssqQr47Y6fwknklaaQ6IPMQ==",
			"dev": true
		},
		"node_modules/@rbxts/roact": {
			"version": "1.4.2-ts.2",
			"resolved": "https://registry.npmjs.org/@rbxts/roact/-/roact-1.4.2-ts.2.tgz",
			"integrity": "sha512-tHCVZ03dblnqWR0tkvaP0j+cVaJ5NC6mwjE7IzOyYjevYCQ1FUnWFCCkDoUrMEwyG9OqEWNyiXRx3cX1gwxdIQ=="
		},
		"node_modules/@rbxts/types": {
			"version": "1.0.608",
			"resolved": "https://registry.npmjs.org/@rbxts/types/-/types-1.0.608.tgz",
			"integrity": "sha512-CVesjKAPhWteNOAhdsP216S76FP1Yi6VTwg7SCB73N33Qjvisl3lKO/nMCA2PyZK5zX/yV0kl+aC8Lftzt6czA==",
			"dev": true
		}
	},
	"dependencies": {
		"@rbxts/compiler-types": {
			"version": "1.3.3-types.1",
			"resolved": "https://registry.npmjs.org/@rbxts/compiler-types/-/compiler-types-1.3.3-types.1.tgz",
			"integrity": "sha512-iWeioe5WziBTnY+FIT7aQ5bimlw81PYZ5d9WO0h1kX3joEigXPQpn2yHGRxzrqIssqQr47Y6fwknklaaQ6IPMQ==",
			"dev": true
		},
		"@rbxts/roact": {
			"version": "1.4.2-ts.2",
			"resolved": "https://registry.npmjs.org/@rbxts/roact/-/roact-1.4.2-ts.2.tgz",
			"integrity": "sha512-tHCVZ03dblnqWR0tkvaP0j+cVaJ5NC6mwjE7IzOyYjevYCQ1FUnWFCCkDoUrMEwyG9OqEWNyiXRx3cX1gwxdIQ=="
		},
		"@rbxts/types": {
			"version": "1.0.608",
			"resolved": "https://registry.npmjs.org/@rbxts/types/-/types-1.0.608.tgz",
			"integrity": "sha512-CVesjKAPhWteNOAhdsP216S76FP1Yi6VTwg7SCB73N33Qjvisl3lKO/nMCA2PyZK5zX/yV0kl+aC8Lftzt6czA==",
			"dev": true
		}
	}
}
