# THIS IS AN AUTOGENERATED FILE. DO NOT EDIT THIS FILE DIRECTLY.
# yarn lockfile v1


"@rbxts/compiler-types@*":
  version "1.0.0-beta.3.0"
  resolved "https://registry.yarnpkg.com/@rbxts/compiler-types/-/compiler-types-1.0.0-beta.3.0.tgz#0b162edac9f4daaf5ddd00c3d4437084bef22bf6"
  integrity sha512-FhGZ/ZHdgBqihvAPtPkC6oXy+uCSdiWxqV7fnNTCiVVYSEUcygU5f9ZYrxTaU/63YIjmEwnOlxlJUdVuzNxMag==

"@rbxts/roact@^1.3.0-ts.5":
  version "1.3.0-ts.5"
  resolved "https://registry.yarnpkg.com/@rbxts/roact/-/roact-1.3.0-ts.5.tgz#58e2103ab972f2bdeefed0eed99c93f8fe93a72b"
  integrity sha512-UAIE3OFBfqJFhYWk9hsWO70+NCv3u4AILFThSEDkgLMQOm9ixuXSuQ6mbTeQkZRJSBT/RfmTd7tTZzHryhKbHA==

"@rbxts/types@^1.0.390":
  version "1.0.417"
  resolved "https://registry.yarnpkg.com/@rbxts/types/-/types-1.0.417.tgz#e3ea72af4b6d6427c426be89863bb537186ffe11"
  integrity sha512-ZFMCwZY0g0ILNzHjGaSFc5pVU8FIINKF3Afp9NhQrhgFap32/ujhOkep2iTpCXPPDrFYWD+E5QUSnlYjjhRrJQ==
  dependencies:
    "@rbxts/compiler-types" "*"
